
Microsoft Visual Studio Solution File, Format Version 12.00
# Visual Studio Version 17
VisualStudioVersion = 17.13.35825.156 d17.13
MinimumVisualStudioVersion = 10.0.40219.1
Project("{FAE04EC0-301F-11D3-BF4B-00C04F79EFBC}") = "Notificator", "Notificator\Notificator.csproj", "{24B3F60A-CA1B-461C-AB0C-7C073607612C}"
EndProject
Global
	GlobalSection(SolutionConfigurationPlatforms) = preSolution
		Debug|Any CPU = Debug|Any CPU
		Release|Any CPU = Release|Any CPU
	EndGlobalSection
	GlobalSection(ProjectConfigurationPlatforms) = postSolution
		{24B3F60A-CA1B-461C-AB0C-7C073607612C}.Debug|Any CPU.ActiveCfg = Debug|Any CPU
		{24B3F60A-CA1B-461C-AB0C-7C073607612C}.Debug|Any CPU.Build.0 = Debug|Any CPU
		{24B3F60A-CA1B-461C-AB0C-7C073607612C}.Release|Any CPU.ActiveCfg = Release|Any CPU
		{24B3F60A-CA1B-461C-AB0C-7C073607612C}.Release|Any CPU.Build.0 = Release|Any CPU
	EndGlobalSection
	GlobalSection(SolutionProperties) = preSolution
		HideSolutionNode = FALSE
	EndGlobalSection
	GlobalSection(ExtensibilityGlobals) = postSolution
		SolutionGuid = {BD1AABBF-7018-4F58-87FC-90D7C5FFFBA6}
	EndGlobalSection
EndGlobal
